github.com/hugo-toha/hugo-toha.github.io v0.0.0-20240730212302-83b19f7bd3b7 h1:RRonNzaf6/Ou9PqfXeKiRywkd+9KY7SVgfGBQXqXshM=
github.com/hugo-toha/hugo-toha.github.io v0.0.0-20240730212302-83b19f7bd3b7/go.mod h1:yWw1t3trnfzv4t1lA9zh5pSsI0+kqqyg58ir8/kt6zk=
github.com/hugo-toha/hugo-toha.github.io v0.0.0-20240910105444-7ee1f6753469 h1:HUMDCYFR726d8lfhY9cG0CdR7fx6RUci4pi1KjV3RV4=
github.com/hugo-toha/hugo-toha.github.io v0.0.0-20240910105444-7ee1f6753469/go.mod h1:fQYdvPlIaEgYFPL5WqlCUfUITuZE3bgeCo742e0ApPI=
